lockfileVersion: '9.0'

settings:
  autoInstallPeers: true
  excludeLinksFromLockfile: false

importers:

  .:
    devDependencies:
      daisyui:
        specifier: ^5.5.8
        version: 5.5.8

packages:

  daisyui@5.5.8:
    resolution: {integrity: sha512-6psL9jIEOFOw68V10j/BKCWcRgx8dh81mmNxShr+g7HDM6UHNoPharlp9zq/PQkHNuGU1ZQsajR3HgpvavbRKQ==}

snapshots:

  daisyui@5.5.8: {}
